
Microsoft Visual Studio Solution File, Format Version 12.00
# Visual Studio Version 17
VisualStudioVersion = 17.0.32014.148
MinimumVisualStudioVersion = 10.0.40219.1
Project("{9A19103F-16F7-4668-BE54-9A1E7A4F7556}") = "dotnet", "dotnet.csproj", "{1E8518AF-B4E7-498D-8895-224D9EE750A3}"
EndProject
Global
	GlobalSection(SolutionConfigurationPlatforms) = preSolution
		Debug|Any CPU = Debug|Any CPU
		Release|Any CPU = Release|Any CPU
	EndGlobalSection
	GlobalSection(ProjectConfigurationPlatforms) = postSolution
		{1E8518AF-B4E7-498D-8895-224D9EE750A3}.Debug|Any CPU.ActiveCfg = Debug|Any CPU
		{1E8518AF-B4E7-498D-8895-224D9EE750A3}.Debug|Any CPU.Build.0 = Debug|Any CPU
		{1E8518AF-B4E7-498D-8895-224D9EE750A3}.Release|Any CPU.ActiveCfg = Release|Any CPU
		{1E8518AF-B4E7-498D-8895-224D9EE750A3}.Release|Any CPU.Build.0 = Release|Any CPU
	EndGlobalSection
	GlobalSection(SolutionProperties) = preSolution
		HideSolutionNode = FALSE
	EndGlobalSection
	GlobalSection(ExtensibilityGlobals) = postSolution
		SolutionGuid = {179C7E32-B086-4B2D-8C9E-1B430C17B64F}
	EndGlobalSection
EndGlobal
